
Microsoft Visual Studio Solution File, Format Version 12.00
# Visual Studio Version 16
VisualStudioVersion = 16.0.31025.194
MinimumVisualStudioVersion = 10.0.40219.1
Project("{FAE04EC0-301F-11D3-BF4B-00C04F79EFBC}") = "Singleton", "Singleton\Singleton.csproj", "{479FA503-5471-45DB-A5F1-41F11E2C7423}"
EndProject
Global
	GlobalSection(SolutionConfigurationPlatforms) = preSolution
		Debug|Any CPU = Debug|Any CPU
		Release|Any CPU = Release|Any CPU
	EndGlobalSection
	GlobalSection(ProjectConfigurationPlatforms) = postSolution
		{479FA503-5471-45DB-A5F1-41F11E2C7423}.Debug|Any CPU.ActiveCfg = Debug|Any CPU
		{479FA503-5471-45DB-A5F1-41F11E2C7423}.Debug|Any CPU.Build.0 = Debug|Any CPU
		{479FA503-5471-45DB-A5F1-41F11E2C7423}.Release|Any CPU.ActiveCfg = Release|Any CPU
		{479FA503-5471-45DB-A5F1-41F11E2C7423}.Release|Any CPU.Build.0 = Release|Any CPU
	EndGlobalSection
	GlobalSection(SolutionProperties) = preSolution
		HideSolutionNode = FALSE
	EndGlobalSection
	GlobalSection(ExtensibilityGlobals) = postSolution
		SolutionGuid = {1E42EC39-6D72-418D-890B-D4153DB28DE1}
	EndGlobalSection
EndGlobal
